// !$*UTF8*$!
{
	archiveVersion = 1;
	classes = {
	};
	objectVersion = 46;
	objects = {

/* Begin PBXBuildFile section */
		D1F308851A1E9A1200251304 /* main.m in Sources */ = {isa = PBXBuildFile; fileRef = D1F308841A1E9A1200251304 /* main.m */; };
		D1F308881A1E9A1200251304 /* AppDelegate.m in Sources */ = {isa = PBXBuildFile; fileRef = D1F308871A1E9A1200251304 /* AppDelegate.m */; };
		D1F3088B1A1E9A1200251304 /* ViewController.m in Sources */ = {isa = PBXBuildFile; fileRef = D1F3088A1A1E9A1200251304 /* ViewController.m */; };
		D1F3088E1A1E9A1200251304 /* Main.storyboard in Resources */ = {isa = PBXBuildFile; fileRef = D1F3088C1A1E9A1200251304 /* Main.storyboard */; };
		D1F308901A1E9A1200251304 /* Images.xcassets in Resources */ = {isa = PBXBuildFile; fileRef = D1F3088F1A1E9A1200251304 /* Images.xcassets */; };
		D1F308931A1E9A1200251304 /* LaunchScreen.xib in Resources */ = {isa = PBXBuildFile; fileRef = D1F308911A1E9A1200251304 /* LaunchScreen.xib */; };
		D1F3089F1A1E9A1200251304 /* Contentful_ManagementTests.m in Sources */ = {isa = PBXBuildFile; fileRef = D1F3089E1A1E9A1200251304 /* Contentful_ManagementTests.m */; };
/* End PBXBuildFile section */

/* Begin PBXContainerItemProxy section */
		D1F308991A1E9A1200251304 /* PBXContainerItemProxy */ = {
			isa = PBXContainerItemProxy;
			containerPortal = D1F308771A1E9A1100251304 /* Project object */;
			proxyType = 1;
			remoteGlobalIDString = D1F3087E1A1E9A1100251304;
			remoteInfo = "Contentful Management";
		};
/* End PBXContainerItemProxy section */

/* Begin PBXFileReference section */
		D1F3087F1A1E9A1100251304 /* Contentful Management.app */ = {isa = PBXFileReference; explicitFileType = wrapper.application; includeInIndex = 0; path = "Contentful Management.app"; sourceTree = BUILT_PRODUCTS_DIR; };
		D1F308831A1E9A1200251304 /* Info.plist */ = {isa = PBXFileReference; lastKnownFileType = text.plist.xml; path = Info.plist; sourceTree = "<group>"; };
		D1F308841A1E9A1200251304 /* main.m */ = {isa = PBXFileReference; lastKnownFileType = sourcecode.c.objc; path = main.m; sourceTree = "<group>"; };
		D1F308861A1E9A1200251304 /* AppDelegate.h */ = {isa = PBXFileReference; lastKnownFileType = sourcecode.c.h; path = AppDelegate.h; sourceTree = "<group>"; };
		D1F308871A1E9A1200251304 /* AppDelegate.m */ = {isa = PBXFileReference; lastKnownFileType = sourcecode.c.objc; path = AppDelegate.m; sourceTree = "<group>"; };
		D1F308891A1E9A1200251304 /* ViewController.h */ = {isa = PBXFileReference; lastKnownFileType = sourcecode.c.h; path = ViewController.h; sourceTree = "<group>"; };
		D1F3088A1A1E9A1200251304 /* ViewController.m */ = {isa = PBXFileReference; lastKnownFileType = sourcecode.c.objc; path = ViewController.m; sourceTree = "<group>"; };
		D1F3088D1A1E9A1200251304 /* Base */ = {isa = PBXFileReference; lastKnownFileType = file.storyboard; name = Base; path = Base.lproj/Main.storyboard; sourceTree = "<group>"; };
		D1F3088F1A1E9A1200251304 /* Images.xcassets */ = {isa = PBXFileReference; lastKnownFileType = folder.assetcatalog; path = Images.xcassets; sourceTree = "<group>"; };
		D1F308921A1E9A1200251304 /* Base */ = {isa = PBXFileReference; lastKnownFileType = file.xib; name = Base; path = Base.lproj/LaunchScreen.xib; sourceTree = "<group>"; };
		D1F308981A1E9A1200251304 /* Contentful ManagementTests.xctest */ = {isa = PBXFileReference; explicitFileType = wrapper.cfbundle; includeInIndex = 0; path = "Contentful ManagementTests.xctest"; sourceTree = BUILT_PRODUCTS_DIR; };
		D1F3089D1A1E9A1200251304 /* Info.plist */ = {isa = PBXFileReference; lastKnownFileType = text.plist.xml; path = Info.plist; sourceTree = "<group>"; };
		D1F3089E1A1E9A1200251304 /* Contentful_ManagementTests.m */ = {isa = PBXFileReference; lastKnownFileType = sourcecode.c.objc; path = Contentful_ManagementTests.m; sourceTree = "<group>"; };
/* End PBXFileReference section */

/* Begin PBXFrameworksBuildPhase section */
		D1F3087C1A1E9A1100251304 /* Frameworks */ = {
			isa = PBXFrameworksBuildPhase;
			buildActionMask = 2147483647;
			files = (
			);
			runOnlyForDeploymentPostprocessing = 0;
		};
		D1F308951A1E9A1200251304 /* Frameworks */ = {
			isa = PBXFrameworksBuildPhase;
			buildActionMask = 2147483647;
			files = (
			);
			runOnlyForDeploymentPostprocessing = 0;
		};
/* End PBXFrameworksBuildPhase section */

/* Begin PBXGroup section */
		D1F308761A1E9A1100251304 = {
			isa = PBXGroup;
			children = (
				D1F308811A1E9A1100251304 /* Contentful Management */,
				D1F3089B1A1E9A1200251304 /* Contentful ManagementTests */,
				D1F308801A1E9A1100251304 /* Products */,
			);
			sourceTree = "<group>";
		};
		D1F308801A1E9A1100251304 /* Products */ = {
			isa = PBXGroup;
			children = (
				D1F3087F1A1E9A1100251304 /* Contentful Management.app */,
				D1F308981A1E9A1200251304 /* Contentful ManagementTests.xctest */,
			);
			name = Products;
			sourceTree = "<group>";
		};
		D1F308811A1E9A1100251304 /* Contentful Management */ = {
			isa = PBXGroup;
			children = (
				D1F308861A1E9A1200251304 /* AppDelegate.h */,
				D1F308871A1E9A1200251304 /* AppDelegate.m */,
				D1F308891A1E9A1200251304 /* ViewController.h */,
				D1F3088A1A1E9A1200251304 /* ViewController.m */,
				D1F3088C1A1E9A1200251304 /* Main.storyboard */,
				D1F3088F1A1E9A1200251304 /* Images.xcassets */,
				D1F308911A1E9A1200251304 /* LaunchScreen.xib */,
				D1F308821A1E9A1100251304 /* Supporting Files */,
			);
			path = "Contentful Management";
			sourceTree = "<group>";
		};
		D1F308821A1E9A1100251304 /* Supporting Files */ = {
			isa = PBXGroup;
			children = (
				D1F308831A1E9A1200251304 /* Info.plist */,
				D1F308841A1E9A1200251304 /* main.m */,
			);
			name = "Supporting Files";
			sourceTree = "<group>";
		};
		D1F3089B1A1E9A1200251304 /* Contentful ManagementTests */ = {
			isa = PBXGroup;
			children = (
				D1F3089E1A1E9A1200251304 /* Contentful_ManagementTests.m */,
				D1F3089C1A1E9A1200251304 /* Supporting Files */,
			);
			path = "Contentful ManagementTests";
			sourceTree = "<group>";
		};
		D1F3089C1A1E9A1200251304 /* Supporting Files */ = {
			isa = PBXGroup;
			children = (
				D1F3089D1A1E9A1200251304 /* Info.plist */,
			);
			name = "Supporting Files";
			sourceTree = "<group>";
		};
/* End PBXGroup section */

/* Begin PBXNativeTarget section */
		D1F3087E1A1E9A1100251304 /* Contentful Management */ = {
			isa = PBXNativeTarget;
			buildConfigurationList = D1F308A21A1E9A1200251304 /* Build configuration list for PBXNativeTarget "Contentful Management" */;
			buildPhases = (
				D1F3087B1A1E9A1100251304 /* Sources */,
				D1F3087C1A1E9A1100251304 /* Frameworks */,
				D1F3087D1A1E9A1100251304 /* Resources */,
			);
			buildRules = (
			);
			dependencies = (
			);
			name = "Contentful Management";
			productName = "Contentful Management";
			productReference = D1F3087F1A1E9A1100251304 /* Contentful Management.app */;
			productType = "com.apple.product-type.application";
		};
		D1F308971A1E9A1200251304 /* Contentful ManagementTests */ = {
			isa = PBXNativeTarget;
			buildConfigurationList = D1F308A51A1E9A1200251304 /* Build configuration list for PBXNativeTarget "Contentful ManagementTests" */;
			buildPhases = (
				D1F308941A1E9A1200251304 /* Sources */,
				D1F308951A1E9A1200251304 /* Frameworks */,
				D1F308961A1E9A1200251304 /* Resources */,
			);
			buildRules = (
			);
			dependencies = (
				D1F3089A1A1E9A1200251304 /* PBXTargetDependency */,
			);
			name = "Contentful ManagementTests";
			productName = "Contentful ManagementTests";
			productReference = D1F308981A1E9A1200251304 /* Contentful ManagementTests.xctest */;
			productType = "com.apple.product-type.bundle.unit-test";
		};
/* End PBXNativeTarget section */

/* Begin PBXProject section */
		D1F308771A1E9A1100251304 /* Project object */ = {
			isa = PBXProject;
			attributes = {
				LastUpgradeCheck = 0610;
				ORGANIZATIONNAME = "Jonathan Jackson";
				TargetAttributes = {
					D1F3087E1A1E9A1100251304 = {
						CreatedOnToolsVersion = 6.1;
					};
					D1F308971A1E9A1200251304 = {
						CreatedOnToolsVersion = 6.1;
						TestTargetID = D1F3087E1A1E9A1100251304;
					};
				};
			};
			buildConfigurationList = D1F3087A1A1E9A1100251304 /* Build configuration list for PBXProject "Contentful Management" */;
			compatibilityVersion = "Xcode 3.2";
			developmentRegion = English;
			hasScannedForEncodings = 0;
			knownRegions = (
				en,
				Base,
			);
			mainGroup = D1F308761A1E9A1100251304;
			productRefGroup = D1F308801A1E9A1100251304 /* Products */;
			projectDirPath = "";
			projectRoot = "";
			targets = (
				D1F3087E1A1E9A1100251304 /* Contentful Management */,
				D1F308971A1E9A1200251304 /* Contentful ManagementTests */,
			);
		};
/* End PBXProject section */

/* Begin PBXResourcesBuildPhase section */
		D1F3087D1A1E9A1100251304 /* Resources */ = {
			isa = PBXResourcesBuildPhase;
			buildActionMask = 2147483647;
			files = (
				D1F3088E1A1E9A1200251304 /* Main.storyboard in Resources */,
				D1F308931A1E9A1200251304 /* LaunchScreen.xib in Resources */,
				D1F308901A1E9A1200251304 /* Images.xcassets in Resources */,
			);
			runOnlyForDeploymentPostprocessing = 0;
		};
		D1F308961A1E9A1200251304 /* Resources */ = {
			isa = PBXResourcesBuildPhase;
			buildActionMask = 2147483647;
			files = (
			);
			runOnlyForDeploymentPostprocessing = 0;
		};
/* End PBXResourcesBuildPhase section */

/* Begin PBXSourcesBuildPhase section */
		D1F3087B1A1E9A1100251304 /* Sources */ = {
			isa = PBXSourcesBuildPhase;
			buildActionMask = 2147483647;
			files = (
				D1F3088B1A1E9A1200251304 /* ViewController.m in Sources */,
				D1F308881A1E9A1200251304 /* AppDelegate.m in Sources */,
				D1F308851A1E9A1200251304 /* main.m in Sources */,
			);
			runOnlyForDeploymentPostprocessing = 0;
		};
		D1F308941A1E9A1200251304 /* Sources */ = {
			isa = PBXSourcesBuildPhase;
			buildActionMask = 2147483647;
			files = (
				D1F3089F1A1E9A1200251304 /* Contentful_ManagementTests.m in Sources */,
			);
			runOnlyForDeploymentPostprocessing = 0;
		};
/* End PBXSourcesBuildPhase section */

/* Begin PBXTargetDependency section */
		D1F3089A1A1E9A1200251304 /* PBXTargetDependency */ = {
			isa = PBXTargetDependency;
			target = D1F3087E1A1E9A1100251304 /* Contentful Management */;
			targetProxy = D1F308991A1E9A1200251304 /* PBXContainerItemProxy */;
		};
/* End PBXTargetDependency section */

/* Begin PBXVariantGroup section */
		D1F3088C1A1E9A1200251304 /* Main.storyboard */ = {
			isa = PBXVariantGroup;
			children = (
				D1F3088D1A1E9A1200251304 /* Base */,
			);
			name = Main.storyboard;
			sourceTree = "<group>";
		};
		D1F308911A1E9A1200251304 /* LaunchScreen.xib */ = {
			isa = PBXVariantGroup;
			children = (
				D1F308921A1E9A1200251304 /* Base */,
			);
			name = LaunchScreen.xib;
			sourceTree = "<group>";
		};
/* End PBXVariantGroup section */

/* Begin XCBuildConfiguration section */
		D1F308A01A1E9A1200251304 /* Debug */ = {
			isa = XCBuildConfiguration;
			buildSettings = {
				ALWAYS_SEARCH_USER_PATHS = NO;
				CLANG_CXX_LANGUAGE_STANDARD = "gnu++0x";
				CLANG_CXX_LIBRARY = "libc++";
				CLANG_ENABLE_MODULES = YES;
				CLANG_ENABLE_OBJC_ARC = YES;
				CLANG_WARN_BOOL_CONVERSION = YES;
				CLANG_WARN_CONSTANT_CONVERSION = YES;
				CLANG_WARN_DIRECT_OBJC_ISA_USAGE = YES_ERROR;
				CLANG_WARN_EMPTY_BODY = YES;
				CLANG_WARN_ENUM_CONVERSION = YES;
				CLANG_WARN_INT_CONVERSION = YES;
				CLANG_WARN_OBJC_ROOT_CLASS = YES_ERROR;
				CLANG_WARN_UNREACHABLE_CODE = YES;
				CLANG_WARN__DUPLICATE_METHOD_MATCH = YES;
				"CODE_SIGN_IDENTITY[sdk=iphoneos*]" = "iPhone Developer";
				COPY_PHASE_STRIP = NO;
				ENABLE_STRICT_OBJC_MSGSEND = YES;
				GCC_C_LANGUAGE_STANDARD = gnu99;
				GCC_DYNAMIC_NO_PIC = NO;
				GCC_OPTIMIZATION_LEVEL = 0;
				GCC_PREPROCESSOR_DEFINITIONS = (
					"DEBUG=1",
					"$(inherited)",
				);
				GCC_SYMBOLS_PRIVATE_EXTERN = NO;
				GCC_WARN_64_TO_32_BIT_CONVERSION = YES;
				GCC_WARN_ABOUT_RETURN_TYPE = YES_ERROR;
				GCC_WARN_UNDECLARED_SELECTOR = YES;
				GCC_WARN_UNINITIALIZED_AUTOS = YES_AGGRESSIVE;
				GCC_WARN_UNUSED_FUNCTION = YES;
				GCC_WARN_UNUSED_VARIABLE = YES;
				IPHONEOS_DEPLOYMENT_TARGET = 8.1;
				MTL_ENABLE_DEBUG_INFO = YES;
				ONLY_ACTIVE_ARCH = YES;
				SDKROOT = iphoneos;
				TARGETED_DEVICE_FAMILY = 2;
			};
			name = Debug;
		};
		D1F308A11A1E9A1200251304 /* Release */ = {
			isa = XCBuildConfiguration;
			buildSettings = {
				ALWAYS_SEARCH_USER_PATHS = NO;
				CLANG_CXX_LANGUAGE_STANDARD = "gnu++0x";
				CLANG_CXX_LIBRARY = "libc++";
				CLANG_ENABLE_MODULES = YES;
				CLANG_ENABLE_OBJC_ARC = YES;
				CLANG_WARN_BOOL_CONVERSION = YES;
				CLANG_WARN_CONSTANT_CONVERSION = YES;
				CLANG_WARN_DIRECT_OBJC_ISA_USAGE = YES_ERROR;
				CLANG_WARN_EMPTY_BODY = YES;
				CLANG_WARN_ENUM_CONVERSION = YES;
				CLANG_WARN_INT_CONVERSION = YES;
				CLANG_WARN_OBJC_ROOT_CLASS = YES_ERROR;
				CLANG_WARN_UNREACHABLE_CODE = YES;
				CLANG_WARN__DUPLICATE_METHOD_MATCH = YES;
				"CODE_SIGN_IDENTITY[sdk=iphoneos*]" = "iPhone Developer";
				COPY_PHASE_STRIP = YES;
				ENABLE_NS_ASSERTIONS = NO;
				ENABLE_STRICT_OBJC_MSGSEND = YES;
				GCC_C_LANGUAGE_STANDARD = gnu99;
				GCC_WARN_64_TO_32_BIT_CONVERSION = YES;
				GCC_WARN_ABOUT_RETURN_TYPE = YES_ERROR;
				GCC_WARN_UNDECLARED_SELECTOR = YES;
				GCC_WARN_UNINITIALIZED_AUTOS = YES_AGGRESSIVE;
				GCC_WARN_UNUSED_FUNCTION = YES;
				GCC_WARN_UNUSED_VARIABLE = YES;
				IPHONEOS_DEPLOYMENT_TARGET = 8.1;
				MTL_ENABLE_DEBUG_INFO = NO;
				SDKROOT = iphoneos;
				TARGETED_DEVICE_FAMILY = 2;
				VALIDATE_PRODUCT = YES;
			};
			name = Release;
		};
		D1F308A31A1E9A1200251304 /* Debug */ = {
			isa = XCBuildConfiguration;
			buildSettings = {
				ASSETCATALOG_COMPILER_APPICON_NAME = AppIcon;
				INFOPLIST_FILE = "Contentful Management/Info.plist";
				LD_RUNPATH_SEARCH_PATHS = "$(inherited) @executable_path/Frameworks";
				PRODUCT_NAME = "$(TARGET_NAME)";
			};
			name = Debug;
		};
		D1F308A41A1E9A1200251304 /* Release */ = {
			isa = XCBuildConfiguration;
			buildSettings = {
				ASSETCATALOG_COMPILER_APPICON_NAME = AppIcon;
				INFOPLIST_FILE = "Contentful Management/Info.plist";
				LD_RUNPATH_SEARCH_PATHS = "$(inherited) @executable_path/Frameworks";
				PRODUCT_NAME = "$(TARGET_NAME)";
			};
			name = Release;
		};
		D1F308A61A1E9A1200251304 /* Debug */ = {
			isa = XCBuildConfiguration;
			buildSettings = {
				BUNDLE_LOADER = "$(TEST_HOST)";
				FRAMEWORK_SEARCH_PATHS = (
					"$(SDKROOT)/Developer/Library/Frameworks",
					"$(inherited)",
				);
				GCC_PREPROCESSOR_DEFINITIONS = (
					"DEBUG=1",
					"$(inherited)",
				);
				INFOPLIST_FILE = "Contentful ManagementTests/Info.plist";
				LD_RUNPATH_SEARCH_PATHS = "$(inherited) @executable_path/Frameworks @loader_path/Frameworks";
				PRODUCT_NAME = "$(TARGET_NAME)";
				TEST_HOST = "$(BUILT_PRODUCTS_DIR)/Contentful Management.app/Contentful Management";
			};
			name = Debug;
		};
		D1F308A71A1E9A1200251304 /* Release */ = {
			isa = XCBuildConfiguration;
			buildSettings = {
				BUNDLE_LOADER = "$(TEST_HOST)";
				FRAMEWORK_SEARCH_PATHS = (
					"$(SDKROOT)/Developer/Library/Frameworks",
					"$(inherited)",
				);
				INFOPLIST_FILE = "Contentful ManagementTests/Info.plist";
				LD_RUNPATH_SEARCH_PATHS = "$(inherited) @executable_path/Frameworks @loader_path/Frameworks";
				PRODUCT_NAME = "$(TARGET_NAME)";
				TEST_HOST = "$(BUILT_PRODUCTS_DIR)/Contentful Management.app/Contentful Management";
			};
			name = Release;
		};
/* End XCBuildConfiguration section */

/* Begin XCConfigurationList section */
		D1F3087A1A1E9A1100251304 /* Build configuration list for PBXProject "Contentful Management" */ = {
			isa = XCConfigurationList;
			buildConfigurations = (
				D1F308A01A1E9A1200251304 /* Debug */,
				D1F308A11A1E9A1200251304 /* Release */,
			);
			defaultConfigurationIsVisible = 0;
			defaultConfigurationName = Release;
		};
		D1F308A21A1E9A1200251304 /* Build configuration list for PBXNativeTarget "Contentful Management" */ = {
			isa = XCConfigurationList;
			buildConfigurations = (
				D1F308A31A1E9A1200251304 /* Debug */,
				D1F308A41A1E9A1200251304 /* Release */,
			);
			defaultConfigurationIsVisible = 0;
		};
		D1F308A51A1E9A1200251304 /* Build configuration list for PBXNativeTarget "Contentful ManagementTests" */ = {
			isa = XCConfigurationList;
			buildConfigurations = (
				D1F308A61A1E9A1200251304 /* Debug */,
				D1F308A71A1E9A1200251304 /* Release */,
			);
			defaultConfigurationIsVisible = 0;
		};
/* End XCConfigurationList section */
	};
	rootObject = D1F308771A1E9A1100251304 /* Project object */;
}
